{
  "lockfile_version": "1",
  "packages": {
    "cargo@latest": {
      "last_modified": "2026-02-23T15:40:43Z",
      "resolved": "github:NixOS/nixpkgs/80d901ec0377e19ac3f7bb8c035201e2e098cc97#cargo",
      "source": "devbox-search",
      "version": "1.93.0",
      "systems": {
        "aarch64-darwin": {
          "outputs": [
            {
              "name": "out",
              "path": "/nix/store/v21x5yl04z0l303iz6ir5aqy9jzzrn76-cargo-1.93.0",
              "default": true
            }
          ],
          "store_path": "/nix/store/v21x5yl04z0l303iz6ir5aqy9jzzrn76-cargo-1.93.0"
        },
        "aarch64-linux": {
          "outputs": [
            {
              "name": "out",
              "path": "/nix/store/s7hb3dlngzws3rxjd30x9n6c7l2vmx2f-cargo-1.93.0",
              "default": true
            }
          ],
          "store_path": "/nix/store/s7hb3dlngzws3rxjd30x9n6c7l2vmx2f-cargo-1.93.0"
        },
        "x86_64-darwin": {
          "outputs": [
            {
              "name": "out",
              "path": "/nix/store/js7zd17w17ha6na0qj2rb052rpgjm69l-cargo-1.93.0",
              "default": true
            }
          ],
          "store_path": "/nix/store/js7zd17w17ha6na0qj2rb052rpgjm69l-cargo-1.93.0"
        },
        "x86_64-linux": {
          "outputs": [
            {
              "name": "out",
              "path": "/nix/store/p96faw8wiwi10cy94hr42gzmiapv15fm-cargo-1.93.0",
              "default": true
            }
          ],
          "store_path": "/nix/store/p96faw8wiwi10cy94hr42gzmiapv15fm-cargo-1.93.0"
        }
      }
    },
    "github:NixOS/nixpkgs/nixpkgs-unstable": {
      "last_modified": "2026-03-08T08:02:12Z",
      "resolved": "github:NixOS/nixpkgs/608d0cadfed240589a7eea422407a547ad626a14?lastModified=1772956932"
    },
    "rustfmt@latest": {
      "last_modified": "2026-02-23T15:40:43Z",
      "resolved": "github:NixOS/nixpkgs/80d901ec0377e19ac3f7bb8c035201e2e098cc97#rustfmt",
      "source": "devbox-search",
      "version": "1.93.0",
      "systems": {
        "aarch64-darwin": {
          "outputs": [
            {
              "name": "out",
              "path": "/nix/store/9aq18v5y6ss8yrlfzqwrsq8j0ilm7mgp-rustfmt-1.93.0",
              "default": true
            }
          ],
          "store_path": "/nix/store/9aq18v5y6ss8yrlfzqwrsq8j0ilm7mgp-rustfmt-1.93.0"
        },
        "aarch64-linux": {
          "outputs": [
            {
              "name": "out",
              "path": "/nix/store/4aq1qa0xy4z06a2bdn5l6plhj28a0rq5-rustfmt-1.93.0",
              "default": true
            }
          ],
          "store_path": "/nix/store/4aq1qa0xy4z06a2bdn5l6plhj28a0rq5-rustfmt-1.93.0"
        },
        "x86_64-darwin": {
          "outputs": [
            {
              "name": "out",
              "path": "/nix/store/1ql1g2a253djjz10x019wii04d2dijjr-rustfmt-1.93.0",
              "default": true
            }
          ],
          "store_path": "/nix/store/1ql1g2a253djjz10x019wii04d2dijjr-rustfmt-1.93.0"
        },
        "x86_64-linux": {
          "outputs": [
            {
              "name": "out",
              "path": "/nix/store/yb62fm7wf3ysn5rnfj2r03snmk9pwwa2-rustfmt-1.93.0",
              "default": true
            }
          ],
          "store_path": "/nix/store/yb62fm7wf3ysn5rnfj2r03snmk9pwwa2-rustfmt-1.93.0"
        }
      }
    }
  }
}
